
Microsoft Visual Studio Solution File, Format Version 12.00
# Visual Studio Version 16
VisualStudioVersion = 16.0.31424.327
MinimumVisualStudioVersion = 10.0.40219.1
Project("{FAE04EC0-301F-11D3-BF4B-00C04F79EFBC}") = "MvcKutuphane", "MvcKutuphane\MvcKutuphane.csproj", "{0B9B62A7-CC8C-471F-AAFA-A1B65CC9BE81}"
EndProject
Global
	GlobalSection(SolutionConfigurationPlatforms) = preSolution
		Debug|Any CPU = Debug|Any CPU
		Release|Any CPU = Release|Any CPU
	EndGlobalSection
	GlobalSection(ProjectConfigurationPlatforms) = postSolution
		{0B9B62A7-CC8C-471F-AAFA-A1B65CC9BE81}.Debug|Any CPU.ActiveCfg = Debug|Any CPU
		{0B9B62A7-CC8C-471F-AAFA-A1B65CC9BE81}.Debug|Any CPU.Build.0 = Debug|Any CPU
		{0B9B62A7-CC8C-471F-AAFA-A1B65CC9BE81}.Release|Any CPU.ActiveCfg = Release|Any CPU
		{0B9B62A7-CC8C-471F-AAFA-A1B65CC9BE81}.Release|Any CPU.Build.0 = Release|Any CPU
	EndGlobalSection
	GlobalSection(SolutionProperties) = preSolution
		HideSolutionNode = FALSE
	EndGlobalSection
	GlobalSection(ExtensibilityGlobals) = postSolution
		SolutionGuid = {B70CA272-1DEB-4EF0-8788-94C7689CE99B}
	EndGlobalSection
EndGlobal
